
Microsoft Visual Studio Solution File, Format Version 12.00
# Visual Studio 15
VisualStudioVersion = 15.0.26124.0
MinimumVisualStudioVersion = 15.0.26124.0
Project("{FAE04EC0-301F-11D3-BF4B-00C04F79EFBC}") = "Domain", "Domain\Domain.csproj", "{E4733EA8-3EBC-4938-817D-E66E7BCEC34F}"
EndProject
Project("{FAE04EC0-301F-11D3-BF4B-00C04F79EFBC}") = "Application", "Application\Application.csproj", "{9CD0D70F-6973-44D9-9966-BCADAF4B5AEC}"
EndProject
Project("{FAE04EC0-301F-11D3-BF4B-00C04F79EFBC}") = "Persistence", "Persistence\Persistence.csproj", "{C30CDB73-E478-432F-A493-FF49F29F20B1}"
EndProject
Project("{FAE04EC0-301F-11D3-BF4B-00C04F79EFBC}") = "API", "API\API.csproj", "{6AB5A829-FB3F-43A7-A053-DA85FB98C8CC}"
EndProject
Global
	GlobalSection(SolutionConfigurationPlatforms) = preSolution
		Debug|Any CPU = Debug|Any CPU
		Debug|x64 = Debug|x64
		Debug|x86 = Debug|x86
		Release|Any CPU = Release|Any CPU
		Release|x64 = Release|x64
		Release|x86 = Release|x86
	EndGlobalSection
	GlobalSection(SolutionProperties) = preSolution
		HideSolutionNode = FALSE
	EndGlobalSection
	GlobalSection(ProjectConfigurationPlatforms) = postSolution
		{E4733EA8-3EBC-4938-817D-E66E7BCEC34F}.Debug|Any CPU.ActiveCfg = Debug|Any CPU
		{E4733EA8-3EBC-4938-817D-E66E7BCEC34F}.Debug|Any CPU.Build.0 = Debug|Any CPU
		{E4733EA8-3EBC-4938-817D-E66E7BCEC34F}.Debug|x64.ActiveCfg = Debug|Any CPU
		{E4733EA8-3EBC-4938-817D-E66E7BCEC34F}.Debug|x64.Build.0 = Debug|Any CPU
		{E4733EA8-3EBC-4938-817D-E66E7BCEC34F}.Debug|x86.ActiveCfg = Debug|Any CPU
		{E4733EA8-3EBC-4938-817D-E66E7BCEC34F}.Debug|x86.Build.0 = Debug|Any CPU
		{E4733EA8-3EBC-4938-817D-E66E7BCEC34F}.Release|Any CPU.ActiveCfg = Release|Any CPU
		{E4733EA8-3EBC-4938-817D-E66E7BCEC34F}.Release|Any CPU.Build.0 = Release|Any CPU
		{E4733EA8-3EBC-4938-817D-E66E7BCEC34F}.Release|x64.ActiveCfg = Release|Any CPU
		{E4733EA8-3EBC-4938-817D-E66E7BCEC34F}.Release|x64.Build.0 = Release|Any CPU
		{E4733EA8-3EBC-4938-817D-E66E7BCEC34F}.Release|x86.ActiveCfg = Release|Any CPU
		{E4733EA8-3EBC-4938-817D-E66E7BCEC34F}.Release|x86.Build.0 = Release|Any CPU
		{9CD0D70F-6973-44D9-9966-BCADAF4B5AEC}.Debug|Any CPU.ActiveCfg = Debug|Any CPU
		{9CD0D70F-6973-44D9-9966-BCADAF4B5AEC}.Debug|Any CPU.Build.0 = Debug|Any CPU
		{9CD0D70F-6973-44D9-9966-BCADAF4B5AEC}.Debug|x64.ActiveCfg = Debug|Any CPU
		{9CD0D70F-6973-44D9-9966-BCADAF4B5AEC}.Debug|x64.Build.0 = Debug|Any CPU
		{9CD0D70F-6973-44D9-9966-BCADAF4B5AEC}.Debug|x86.ActiveCfg = Debug|Any CPU
		{9CD0D70F-6973-44D9-9966-BCADAF4B5AEC}.Debug|x86.Build.0 = Debug|Any CPU
		{9CD0D70F-6973-44D9-9966-BCADAF4B5AEC}.Release|Any CPU.ActiveCfg = Release|Any CPU
		{9CD0D70F-6973-44D9-9966-BCADAF4B5AEC}.Release|Any CPU.Build.0 = Release|Any CPU
		{9CD0D70F-6973-44D9-9966-BCADAF4B5AEC}.Release|x64.ActiveCfg = Release|Any CPU
		{9CD0D70F-6973-44D9-9966-BCADAF4B5AEC}.Release|x64.Build.0 = Release|Any CPU
		{9CD0D70F-6973-44D9-9966-BCADAF4B5AEC}.Release|x86.ActiveCfg = Release|Any CPU
		{9CD0D70F-6973-44D9-9966-BCADAF4B5AEC}.Release|x86.Build.0 = Release|Any CPU
		{C30CDB73-E478-432F-A493-FF49F29F20B1}.Debug|Any CPU.ActiveCfg = Debug|Any CPU
		{C30CDB73-E478-432F-A493-FF49F29F20B1}.Debug|Any CPU.Build.0 = Debug|Any CPU
		{C30CDB73-E478-432F-A493-FF49F29F20B1}.Debug|x64.ActiveCfg = Debug|Any CPU
		{C30CDB73-E478-432F-A493-FF49F29F20B1}.Debug|x64.Build.0 = Debug|Any CPU
		{C30CDB73-E478-432F-A493-FF49F29F20B1}.Debug|x86.ActiveCfg = Debug|Any CPU
		{C30CDB73-E478-432F-A493-FF49F29F20B1}.Debug|x86.Build.0 = Debug|Any CPU
		{C30CDB73-E478-432F-A493-FF49F29F20B1}.Release|Any CPU.ActiveCfg = Release|Any CPU
		{C30CDB73-E478-432F-A493-FF49F29F20B1}.Release|Any CPU.Build.0 = Release|Any CPU
		{C30CDB73-E478-432F-A493-FF49F29F20B1}.Release|x64.ActiveCfg = Release|Any CPU
		{C30CDB73-E478-432F-A493-FF49F29F20B1}.Release|x64.Build.0 = Release|Any CPU
		{C30CDB73-E478-432F-A493-FF49F29F20B1}.Release|x86.ActiveCfg = Release|Any CPU
		{C30CDB73-E478-432F-A493-FF49F29F20B1}.Release|x86.Build.0 = Release|Any CPU
		{6AB5A829-FB3F-43A7-A053-DA85FB98C8CC}.Debug|Any CPU.ActiveCfg = Debug|Any CPU
		{6AB5A829-FB3F-43A7-A053-DA85FB98C8CC}.Debug|Any CPU.Build.0 = Debug|Any CPU
		{6AB5A829-FB3F-43A7-A053-DA85FB98C8CC}.Debug|x64.ActiveCfg = Debug|Any CPU
		{6AB5A829-FB3F-43A7-A053-DA85FB98C8CC}.Debug|x64.Build.0 = Debug|Any CPU
		{6AB5A829-FB3F-43A7-A053-DA85FB98C8CC}.Debug|x86.ActiveCfg = Debug|Any CPU
		{6AB5A829-FB3F-43A7-A053-DA85FB98C8CC}.Debug|x86.Build.0 = Debug|Any CPU
		{6AB5A829-FB3F-43A7-A053-DA85FB98C8CC}.Release|Any CPU.ActiveCfg = Release|Any CPU
		{6AB5A829-FB3F-43A7-A053-DA85FB98C8CC}.Release|Any CPU.Build.0 = Release|Any CPU
		{6AB5A829-FB3F-43A7-A053-DA85FB98C8CC}.Release|x64.ActiveCfg = Release|Any CPU
		{6AB5A829-FB3F-43A7-A053-DA85FB98C8CC}.Release|x64.Build.0 = Release|Any CPU
		{6AB5A829-FB3F-43A7-A053-DA85FB98C8CC}.Release|x86.ActiveCfg = Release|Any CPU
		{6AB5A829-FB3F-43A7-A053-DA85FB98C8CC}.Release|x86.Build.0 = Release|Any CPU
	EndGlobalSection
EndGlobal
